<?xml version="1.0" encoding="utf-8"?>
<Project ToolsVersion="4.0" xmlns="http://schemas.microsoft.com/developer/msbuild/2003">
  <ItemGroup>
    <Filter Include="Source Files">
      <UniqueIdentifier>{4FC737F1-C7A5-4376-A066-2A32D752A2FF}</UniqueIdentifier>
      <Extensions>cpp;c;cc;cxx;c++;cppm;ixx;def;odl;idl;hpj;bat;asm;asmx</Extensions>
    </Filter>
    <Filter Include="Header Files">
      <UniqueIdentifier>{93995380-89BD-4b04-88EB-625FBE52EBFB}</UniqueIdentifier>
      <Extensions>h;hh;hpp;hxx;h++;hm;inl;inc;ipp;xsd</Extensions>
    </Filter>
    <Filter Include="Resource Files">
      <UniqueIdentifier>{67DA6AB6-F800-4c08-8B7A-83BB121AAD01}</UniqueIdentifier>
      <Extensions>rc;ico;cur;bmp;dlg;rc2;rct;bin;rgs;gif;jpg;jpeg;jpe;resx;tiff;tif;png;wav;mfcribbon-ms</Extensions>
    </Filter>
    <Filter Include="WWise Dependencies">
      <UniqueIdentifier>{7b298e10-4def-4680-890f-9fe671f1cb50}</UniqueIdentifier>
    </Filter>
  </ItemGroup>
  <ItemGroup>
    <ClCompile Include="WWiseTest.cpp">
      <Filter>Source Files</Filter>
    </ClCompile>
    <ClCompile Include="..\WWise Dependencies\Common\AkFileLocationBase.cpp">
      <Filter>WWise Dependencies</Filter>
    </ClCompile>
    <ClCompile Include="..\WWise Dependencies\Common\AkFilePackage.cpp">
      <Filter>WWise Dependencies</Filter>
    </ClCompile>
    <ClCompile Include="..\WWise Dependencies\Common\AkFilePackageLUT.cpp">
      <Filter>WWise Dependencies</Filter>
    </ClCompile>
    <ClCompile Include="..\WWise Dependencies\Common\AkMultipleFileLocation.cpp">
      <Filter>WWise Dependencies</Filter>
    </ClCompile>
    <ClCompile Include="..\WWise Dependencies\Common\stdafx.cpp">
      <Filter>WWise Dependencies</Filter>
    </ClCompile>
    <ClCompile Include="..\WWise Dependencies\Common\AkDefaultIOHookBlocking.cpp">
      <Filter>WWise Dependencies</Filter>
    </ClCompile>
    <ClCompile Include="..\WWise Dependencies\Common\AkDefaultLowLevelIODispatcher.cpp">
      <Filter>WWise Dependencies</Filter>
    </ClCompile>
  </ItemGroup>
  <ItemGroup>
    <ClInclude Include="..\WWise Dependencies\Common\AkDefaultLowLevelIODispatcher.h">
      <Filter>WWise Dependencies</Filter>
    </ClInclude>
    <ClInclude Include="..\WWise Dependencies\Common\AkFileHelpers.h">
      <Filter>WWise Dependencies</Filter>
    </ClInclude>
    <ClInclude Include="..\WWise Dependencies\Common\AkFileHelpersBase.h">
      <Filter>WWise Dependencies</Filter>
    </ClInclude>
    <ClInclude Include="..\WWise Dependencies\Common\AkFileLocationBase.h">
      <Filter>WWise Dependencies</Filter>
    </ClInclude>
    <ClInclude Include="..\WWise Dependencies\Common\AkFilePackage.h">
      <Filter>WWise Dependencies</Filter>
    </ClInclude>
    <ClInclude Include="..\WWise Dependencies\Common\AkFilePackageLowLevelIO.h">
      <Filter>WWise Dependencies</Filter>
    </ClInclude>
    <ClInclude Include="..\WWise Dependencies\Common\AkFilePackageLowLevelIOBlocking.h">
      <Filter>WWise Dependencies</Filter>
    </ClInclude>
    <ClInclude Include="..\WWise Dependencies\Common\AkFilePackageLUT.h">
      <Filter>WWise Dependencies</Filter>
    </ClInclude>
    <ClInclude Include="..\WWise Dependencies\Common\AkMultipleFileLocation.h">
      <Filter>WWise Dependencies</Filter>
    </ClInclude>
    <ClInclude Include="..\WWise Dependencies\Common\stdafx.h">
      <Filter>WWise Dependencies</Filter>
    </ClInclude>
    <ClInclude Include="..\WWise Dependencies\Common\AkDefaultIOHookBlocking.h">
      <Filter>WWise Dependencies</Filter>
    </ClInclude>
  </ItemGroup>
  <ItemGroup>
    <None Include="..\WWise Dependencies\Common\AkFilePackageLowLevelIO.inl">
      <Filter>WWise Dependencies</Filter>
    </None>
  </ItemGroup>
</Project>